
Microsoft Visual Studio Solution File, Format Version 12.00
# Visual Studio Version 16
VisualStudioVersion = 16.0.31613.86
MinimumVisualStudioVersion = 10.0.40219.1
Project("{FAE04EC0-301F-11D3-BF4B-00C04F79EFBC}") = "TorRelayFix", "TorRelayFix\TorRelayFix.csproj", "{7AD1D855-F74B-4798-AA0F-E91CD0B41D6F}"
EndProject
Global
	GlobalSection(SolutionConfigurationPlatforms) = preSolution
		Debug|Any CPU = Debug|Any CPU
		Release|Any CPU = Release|Any CPU
	EndGlobalSection
	GlobalSection(ProjectConfigurationPlatforms) = postSolution
		{7AD1D855-F74B-4798-AA0F-E91CD0B41D6F}.Debug|Any CPU.ActiveCfg = Debug|Any CPU
		{7AD1D855-F74B-4798-AA0F-E91CD0B41D6F}.Debug|Any CPU.Build.0 = Debug|Any CPU
		{7AD1D855-F74B-4798-AA0F-E91CD0B41D6F}.Release|Any CPU.ActiveCfg = Release|Any CPU
		{7AD1D855-F74B-4798-AA0F-E91CD0B41D6F}.Release|Any CPU.Build.0 = Release|Any CPU
	EndGlobalSection
	GlobalSection(SolutionProperties) = preSolution
		HideSolutionNode = FALSE
	EndGlobalSection
	GlobalSection(ExtensibilityGlobals) = postSolution
		SolutionGuid = {043AAE6A-8A77-41A5-84E5-3AF90FEF818F}
	EndGlobalSection
EndGlobal
